
Microsoft Visual Studio Solution File, Format Version 12.00
# Visual Studio Version 16
VisualStudioVersion = 16.0.29519.87
MinimumVisualStudioVersion = 10.0.40219.1
Project("{FAE04EC0-301F-11D3-BF4B-00C04F79EFBC}") = "Harman_Video_Master_Dec", "Harman_Video_Master_Dec\Harman_Video_Master_Dec.csproj", "{30C47F95-3C2F-4345-9672-DBE9B9E2D742}"
EndProject
Project("{FAE04EC0-301F-11D3-BF4B-00C04F79EFBC}") = "Harman_Video_Master_DecTests", "Harman_Video_Master_DecTests\Harman_Video_Master_DecTests.csproj", "{A7CDBC92-9325-46E0-A61A-52BEC573CD21}"
EndProject
Global
	GlobalSection(SolutionConfigurationPlatforms) = preSolution
		Debug|Any CPU = Debug|Any CPU
		Release|Any CPU = Release|Any CPU
	EndGlobalSection
	GlobalSection(ProjectConfigurationPlatforms) = postSolution
		{30C47F95-3C2F-4345-9672-DBE9B9E2D742}.Debug|Any CPU.ActiveCfg = Debug|Any CPU
		{30C47F95-3C2F-4345-9672-DBE9B9E2D742}.Debug|Any CPU.Build.0 = Debug|Any CPU
		{30C47F95-3C2F-4345-9672-DBE9B9E2D742}.Release|Any CPU.ActiveCfg = Release|Any CPU
		{30C47F95-3C2F-4345-9672-DBE9B9E2D742}.Release|Any CPU.Build.0 = Release|Any CPU
		{A7CDBC92-9325-46E0-A61A-52BEC573CD21}.Debug|Any CPU.ActiveCfg = Debug|Any CPU
		{A7CDBC92-9325-46E0-A61A-52BEC573CD21}.Debug|Any CPU.Build.0 = Debug|Any CPU
		{A7CDBC92-9325-46E0-A61A-52BEC573CD21}.Release|Any CPU.ActiveCfg = Release|Any CPU
		{A7CDBC92-9325-46E0-A61A-52BEC573CD21}.Release|Any CPU.Build.0 = Release|Any CPU
	EndGlobalSection
	GlobalSection(SolutionProperties) = preSolution
		HideSolutionNode = FALSE
	EndGlobalSection
	GlobalSection(ExtensibilityGlobals) = postSolution
		SolutionGuid = {00837049-23D7-4B95-8CB5-8623A58ECF47}
	EndGlobalSection
EndGlobal
